
Microsoft Visual Studio Solution File, Format Version 12.00
# Visual Studio Version 16
VisualStudioVersion = 16.0.31729.503
MinimumVisualStudioVersion = 10.0.40219.1
Project("{FAE04EC0-301F-11D3-BF4B-00C04F79EFBC}") = "Chromatics", "Chromatics\Chromatics.csproj", "{A32B004E-C7E9-4024-8357-2770324FA429}"
EndProject
Global
	GlobalSection(SolutionConfigurationPlatforms) = preSolution
		Debug|Any CPU = Debug|Any CPU
		Release|Any CPU = Release|Any CPU
	EndGlobalSection
	GlobalSection(ProjectConfigurationPlatforms) = postSolution
		{A32B004E-C7E9-4024-8357-2770324FA429}.Debug|Any CPU.ActiveCfg = Debug|Any CPU
		{A32B004E-C7E9-4024-8357-2770324FA429}.Debug|Any CPU.Build.0 = Debug|Any CPU
		{A32B004E-C7E9-4024-8357-2770324FA429}.Release|Any CPU.ActiveCfg = Release|Any CPU
		{A32B004E-C7E9-4024-8357-2770324FA429}.Release|Any CPU.Build.0 = Release|Any CPU
	EndGlobalSection
	GlobalSection(SolutionProperties) = preSolution
		HideSolutionNode = FALSE
	EndGlobalSection
	GlobalSection(ExtensibilityGlobals) = postSolution
		SolutionGuid = {29CCB60B-54DA-4033-B736-3065952A7C04}
	EndGlobalSection
EndGlobal
