
Microsoft Visual Studio Solution File, Format Version 12.00
# Visual Studio Version 18
VisualStudioVersion = 18.5.11709.299 stable
MinimumVisualStudioVersion = 10.0.40219.1
Project("{FAE04EC0-301F-11D3-BF4B-00C04F79EFBC}") = "Chromatics", "Chromatics.csproj", "{24D17385-5866-4EF5-8595-5276EE0D088A}"
EndProject
Global
	GlobalSection(SolutionConfigurationPlatforms) = preSolution
		Debug|Any CPU = Debug|Any CPU
		Release|Any CPU = Release|Any CPU
	EndGlobalSection
	GlobalSection(ProjectConfigurationPlatforms) = postSolution
		{24D17385-5866-4EF5-8595-5276EE0D088A}.Debug|Any CPU.ActiveCfg = Debug|Any CPU
		{24D17385-5866-4EF5-8595-5276EE0D088A}.Debug|Any CPU.Build.0 = Debug|Any CPU
		{24D17385-5866-4EF5-8595-5276EE0D088A}.Release|Any CPU.ActiveCfg = Release|Any CPU
		{24D17385-5866-4EF5-8595-5276EE0D088A}.Release|Any CPU.Build.0 = Release|Any CPU
	EndGlobalSection
	GlobalSection(SolutionProperties) = preSolution
		HideSolutionNode = FALSE
	EndGlobalSection
	GlobalSection(ExtensibilityGlobals) = postSolution
		SolutionGuid = {63572831-4136-4B51-BE30-34824AAFAC05}
	EndGlobalSection
EndGlobal
